
Microsoft Visual Studio Solution File, Format Version 12.00
# Visual Studio Version 16
VisualStudioVersion = 16.0.29609.76
MinimumVisualStudioVersion = 10.0.40219.1
Project("{FAE04EC0-301F-11D3-BF4B-00C04F79EFBC}") = "CalisthenicsEncyclpoedia.Contracts", "CalisthenicsEncyclpoedia.Contracts\CalisthenicsEncyclpoedia.Contracts.csproj", "{31483798-C25E-465C-B9E1-3E0250EFBFF6}"
EndProject
Global
	GlobalSection(SolutionConfigurationPlatforms) = preSolution
		Debug|Any CPU = Debug|Any CPU
		Release|Any CPU = Release|Any CPU
	EndGlobalSection
	GlobalSection(ProjectConfigurationPlatforms) = postSolution
		{31483798-C25E-465C-B9E1-3E0250EFBFF6}.Debug|Any CPU.ActiveCfg = Debug|Any CPU
		{31483798-C25E-465C-B9E1-3E0250EFBFF6}.Debug|Any CPU.Build.0 = Debug|Any CPU
		{31483798-C25E-465C-B9E1-3E0250EFBFF6}.Release|Any CPU.ActiveCfg = Release|Any CPU
		{31483798-C25E-465C-B9E1-3E0250EFBFF6}.Release|Any CPU.Build.0 = Release|Any CPU
	EndGlobalSection
	GlobalSection(SolutionProperties) = preSolution
		HideSolutionNode = FALSE
	EndGlobalSection
	GlobalSection(ExtensibilityGlobals) = postSolution
		SolutionGuid = {9F22A60F-11F1-4704-A2CD-27A90D8E5E0E}
	EndGlobalSection
EndGlobal
